// !$*UTF8*$!
{
	archiveVersion = 1;
	classes = {
	};
	objectVersion = 46;
	objects = {

/* Begin PBXBuildFile section */
		40E663001D5F22FA00F5F7F4 /* main.m in Sources */ = {isa = PBXBuildFile; fileRef = 40E662FF1D5F22FA00F5F7F4 /* main.m */; };
		40E663031D5F22FA00F5F7F4 /* AppDelegate.m in Sources */ = {isa = PBXBuildFile; fileRef = 40E663021D5F22FA00F5F7F4 /* AppDelegate.m */; };
		40E663061D5F22FA00F5F7F4 /* ViewController.m in Sources */ = {isa = PBXBuildFile; fileRef = 40E663051D5F22FA00F5F7F4 /* ViewController.m */; };
		40E663091D5F22FA00F5F7F4 /* Main.storyboard in Resources */ = {isa = PBXBuildFile; fileRef = 40E663071D5F22FA00F5F7F4 /* Main.storyboard */; };
		40E6630B1D5F22FA00F5F7F4 /* Assets.xcassets in Resources */ = {isa = PBXBuildFile; fileRef = 40E6630A1D5F22FA00F5F7F4 /* Assets.xcassets */; };
		40E6630E1D5F22FA00F5F7F4 /* LaunchScreen.storyboard in Resources */ = {isa = PBXBuildFile; fileRef = 40E6630C1D5F22FA00F5F7F4 /* LaunchScreen.storyboard */; };
		40E663191D5F22FB00F5F7F4 /* ImitateWeChatLoadImageProgressDemoTests.m in Sources */ = {isa = PBXBuildFile; fileRef = 40E663181D5F22FB00F5F7F4 /* ImitateWeChatLoadImageProgressDemoTests.m */; };
		40E663241D5F22FB00F5F7F4 /* ImitateWeChatLoadImageProgressDemoUITests.m in Sources */ = {isa = PBXBuildFile; fileRef = 40E663231D5F22FB00F5F7F4 /* ImitateWeChatLoadImageProgressDemoUITests.m */; };
		40E663371D5F23E700F5F7F4 /* DACircularProgressView.m in Sources */ = {isa = PBXBuildFile; fileRef = 40E663341D5F23E700F5F7F4 /* DACircularProgressView.m */; };
		40E663381D5F23E700F5F7F4 /* DALabeledCircularProgressView.m in Sources */ = {isa = PBXBuildFile; fileRef = 40E663361D5F23E700F5F7F4 /* DALabeledCircularProgressView.m */; };
/* End PBXBuildFile section */

/* Begin PBXContainerItemProxy section */
		40E663151D5F22FB00F5F7F4 /* PBXContainerItemProxy */ = {
			isa = PBXContainerItemProxy;
			containerPortal = 40E662F31D5F22FA00F5F7F4 /* Project object */;
			proxyType = 1;
			remoteGlobalIDString = 40E662FA1D5F22FA00F5F7F4;
			remoteInfo = ImitateWeChatLoadImageProgressDemo;
		};
		40E663201D5F22FB00F5F7F4 /* PBXContainerItemProxy */ = {
			isa = PBXContainerItemProxy;
			containerPortal = 40E662F31D5F22FA00F5F7F4 /* Project object */;
			proxyType = 1;
			remoteGlobalIDString = 40E662FA1D5F22FA00F5F7F4;
			remoteInfo = ImitateWeChatLoadImageProgressDemo;
		};
/* End PBXContainerItemProxy section */

/* Begin PBXFileReference section */
		40E662FB1D5F22FA00F5F7F4 /* ImitateWeChatLoadImageProgressDemo.app */ = {isa = PBXFileReference; explicitFileType = wrapper.application; includeInIndex = 0; path = ImitateWeChatLoadImageProgressDemo.app; sourceTree = BUILT_PRODUCTS_DIR; };
		40E662FF1D5F22FA00F5F7F4 /* main.m */ = {isa = PBXFileReference; lastKnownFileType = sourcecode.c.objc; path = main.m; sourceTree = "<group>"; };
		40E663011D5F22FA00F5F7F4 /* AppDelegate.h */ = {isa = PBXFileReference; lastKnownFileType = sourcecode.c.h; path = AppDelegate.h; sourceTree = "<group>"; };
		40E663021D5F22FA00F5F7F4 /* AppDelegate.m */ = {isa = PBXFileReference; lastKnownFileType = sourcecode.c.objc; path = AppDelegate.m; sourceTree = "<group>"; };
		40E663041D5F22FA00F5F7F4 /* ViewController.h */ = {isa = PBXFileReference; lastKnownFileType = sourcecode.c.h; path = ViewController.h; sourceTree = "<group>"; };
		40E663051D5F22FA00F5F7F4 /* ViewController.m */ = {isa = PBXFileReference; lastKnownFileType = sourcecode.c.objc; path = ViewController.m; sourceTree = "<group>"; };
		40E663081D5F22FA00F5F7F4 /* Base */ = {isa = PBXFileReference; lastKnownFileType = file.storyboard; name = Base; path = Base.lproj/Main.storyboard; sourceTree = "<group>"; };
		40E6630A1D5F22FA00F5F7F4 /* Assets.xcassets */ = {isa = PBXFileReference; lastKnownFileType = folder.assetcatalog; path = Assets.xcassets; sourceTree = "<group>"; };
		40E6630D1D5F22FA00F5F7F4 /* Base */ = {isa = PBXFileReference; lastKnownFileType = file.storyboard; name = Base; path = Base.lproj/LaunchScreen.storyboard; sourceTree = "<group>"; };
		40E6630F1D5F22FA00F5F7F4 /* Info.plist */ = {isa = PBXFileReference; lastKnownFileType = text.plist.xml; path = Info.plist; sourceTree = "<group>"; };
		40E663141D5F22FB00F5F7F4 /* ImitateWeChatLoadImageProgressDemoTests.xctest */ = {isa = PBXFileReference; explicitFileType = wrapper.cfbundle; includeInIndex = 0; path = ImitateWeChatLoadImageProgressDemoTests.xctest; sourceTree = BUILT_PRODUCTS_DIR; };
		40E663181D5F22FB00F5F7F4 /* ImitateWeChatLoadImageProgressDemoTests.m */ = {isa = PBXFileReference; lastKnownFileType = sourcecode.c.objc; path = ImitateWeChatLoadImageProgressDemoTests.m; sourceTree = "<group>"; };
		40E6631A1D5F22FB00F5F7F4 /* Info.plist */ = {isa = PBXFileReference; lastKnownFileType = text.plist.xml; path = Info.plist; sourceTree = "<group>"; };
		40E6631F1D5F22FB00F5F7F4 /* ImitateWeChatLoadImageProgressDemoUITests.xctest */ = {isa = PBXFileReference; explicitFileType = wrapper.cfbundle; includeInIndex = 0; path = ImitateWeChatLoadImageProgressDemoUITests.xctest; sourceTree = BUILT_PRODUCTS_DIR; };
		40E663231D5F22FB00F5F7F4 /* ImitateWeChatLoadImageProgressDemoUITests.m */ = {isa = PBXFileReference; lastKnownFileType = sourcecode.c.objc; path = ImitateWeChatLoadImageProgressDemoUITests.m; sourceTree = "<group>"; };
		40E663251D5F22FB00F5F7F4 /* Info.plist */ = {isa = PBXFileReference; lastKnownFileType = text.plist.xml; path = Info.plist; sourceTree = "<group>"; };
		40E663331D5F23E700F5F7F4 /* DACircularProgressView.h */ = {isa = PBXFileReference; fileEncoding = 4; lastKnownFileType = sourcecode.c.h; path = DACircularProgressView.h; sourceTree = "<group>"; };
		40E663341D5F23E700F5F7F4 /* DACircularProgressView.m */ = {isa = PBXFileReference; fileEncoding = 4; lastKnownFileType = sourcecode.c.objc; path = DACircularProgressView.m; sourceTree = "<group>"; };
		40E663351D5F23E700F5F7F4 /* DALabeledCircularProgressView.h */ = {isa = PBXFileReference; fileEncoding = 4; lastKnownFileType = sourcecode.c.h; path = DALabeledCircularProgressView.h; sourceTree = "<group>"; };
		40E663361D5F23E700F5F7F4 /* DALabeledCircularProgressView.m */ = {isa = PBXFileReference; fileEncoding = 4; lastKnownFileType = sourcecode.c.objc; path = DALabeledCircularProgressView.m; sourceTree = "<group>"; };
/* End PBXFileReference section */

/* Begin PBXFrameworksBuildPhase section */
		40E662F81D5F22FA00F5F7F4 /* Frameworks */ = {
			isa = PBXFrameworksBuildPhase;
			buildActionMask = 2147483647;
			files = (
			);
			runOnlyForDeploymentPostprocessing = 0;
		};
		40E663111D5F22FB00F5F7F4 /* Frameworks */ = {
			isa = PBXFrameworksBuildPhase;
			buildActionMask = 2147483647;
			files = (
			);
			runOnlyForDeploymentPostprocessing = 0;
		};
		40E6631C1D5F22FB00F5F7F4 /* Frameworks */ = {
			isa = PBXFrameworksBuildPhase;
			buildActionMask = 2147483647;
			files = (
			);
			runOnlyForDeploymentPostprocessing = 0;
		};
/* End PBXFrameworksBuildPhase section */

/* Begin PBXGroup section */
		40E662F21D5F22FA00F5F7F4 = {
			isa = PBXGroup;
			children = (
				40E662FD1D5F22FA00F5F7F4 /* ImitateWeChatLoadImageProgressDemo */,
				40E663171D5F22FB00F5F7F4 /* ImitateWeChatLoadImageProgressDemoTests */,
				40E663221D5F22FB00F5F7F4 /* ImitateWeChatLoadImageProgressDemoUITests */,
				40E662FC1D5F22FA00F5F7F4 /* Products */,
			);
			sourceTree = "<group>";
		};
		40E662FC1D5F22FA00F5F7F4 /* Products */ = {
			isa = PBXGroup;
			children = (
				40E662FB1D5F22FA00F5F7F4 /* ImitateWeChatLoadImageProgressDemo.app */,
				40E663141D5F22FB00F5F7F4 /* ImitateWeChatLoadImageProgressDemoTests.xctest */,
				40E6631F1D5F22FB00F5F7F4 /* ImitateWeChatLoadImageProgressDemoUITests.xctest */,
			);
			name = Products;
			sourceTree = "<group>";
		};
		40E662FD1D5F22FA00F5F7F4 /* ImitateWeChatLoadImageProgressDemo */ = {
			isa = PBXGroup;
			children = (
				40E663311D5F23DE00F5F7F4 /* lib */,
				40E663011D5F22FA00F5F7F4 /* AppDelegate.h */,
				40E663021D5F22FA00F5F7F4 /* AppDelegate.m */,
				40E663041D5F22FA00F5F7F4 /* ViewController.h */,
				40E663051D5F22FA00F5F7F4 /* ViewController.m */,
				40E663071D5F22FA00F5F7F4 /* Main.storyboard */,
				40E6630A1D5F22FA00F5F7F4 /* Assets.xcassets */,
				40E6630C1D5F22FA00F5F7F4 /* LaunchScreen.storyboard */,
				40E6630F1D5F22FA00F5F7F4 /* Info.plist */,
				40E662FE1D5F22FA00F5F7F4 /* Supporting Files */,
			);
			path = ImitateWeChatLoadImageProgressDemo;
			sourceTree = "<group>";
		};
		40E662FE1D5F22FA00F5F7F4 /* Supporting Files */ = {
			isa = PBXGroup;
			children = (
				40E662FF1D5F22FA00F5F7F4 /* main.m */,
			);
			name = "Supporting Files";
			sourceTree = "<group>";
		};
		40E663171D5F22FB00F5F7F4 /* ImitateWeChatLoadImageProgressDemoTests */ = {
			isa = PBXGroup;
			children = (
				40E663181D5F22FB00F5F7F4 /* ImitateWeChatLoadImageProgressDemoTests.m */,
				40E6631A1D5F22FB00F5F7F4 /* Info.plist */,
			);
			path = ImitateWeChatLoadImageProgressDemoTests;
			sourceTree = "<group>";
		};
		40E663221D5F22FB00F5F7F4 /* ImitateWeChatLoadImageProgressDemoUITests */ = {
			isa = PBXGroup;
			children = (
				40E663231D5F22FB00F5F7F4 /* ImitateWeChatLoadImageProgressDemoUITests.m */,
				40E663251D5F22FB00F5F7F4 /* Info.plist */,
			);
			path = ImitateWeChatLoadImageProgressDemoUITests;
			sourceTree = "<group>";
		};
		40E663311D5F23DE00F5F7F4 /* lib */ = {
			isa = PBXGroup;
			children = (
				40E663321D5F23E700F5F7F4 /* DACircularProgress */,
			);
			name = lib;
			sourceTree = "<group>";
		};
		40E663321D5F23E700F5F7F4 /* DACircularProgress */ = {
			isa = PBXGroup;
			children = (
				40E663331D5F23E700F5F7F4 /* DACircularProgressView.h */,
				40E663341D5F23E700F5F7F4 /* DACircularProgressView.m */,
				40E663351D5F23E700F5F7F4 /* DALabeledCircularProgressView.h */,
				40E663361D5F23E700F5F7F4 /* DALabeledCircularProgressView.m */,
			);
			path = DACircularProgress;
			sourceTree = "<group>";
		};
/* End PBXGroup section */

/* Begin PBXNativeTarget section */
		40E662FA1D5F22FA00F5F7F4 /* ImitateWeChatLoadImageProgressDemo */ = {
			isa = PBXNativeTarget;
			buildConfigurationList = 40E663281D5F22FB00F5F7F4 /* Build configuration list for PBXNativeTarget "ImitateWeChatLoadImageProgressDemo" */;
			buildPhases = (
				40E662F71D5F22FA00F5F7F4 /* Sources */,
				40E662F81D5F22FA00F5F7F4 /* Frameworks */,
				40E662F91D5F22FA00F5F7F4 /* Resources */,
			);
			buildRules = (
			);
			dependencies = (
			);
			name = ImitateWeChatLoadImageProgressDemo;
			productName = ImitateWeChatLoadImageProgressDemo;
			productReference = 40E662FB1D5F22FA00F5F7F4 /* ImitateWeChatLoadImageProgressDemo.app */;
			productType = "com.apple.product-type.application";
		};
		40E663131D5F22FB00F5F7F4 /* ImitateWeChatLoadImageProgressDemoTests */ = {
			isa = PBXNativeTarget;
			buildConfigurationList = 40E6632B1D5F22FB00F5F7F4 /* Build configuration list for PBXNativeTarget "ImitateWeChatLoadImageProgressDemoTests" */;
			buildPhases = (
				40E663101D5F22FB00F5F7F4 /* Sources */,
				40E663111D5F22FB00F5F7F4 /* Frameworks */,
				40E663121D5F22FB00F5F7F4 /* Resources */,
			);
			buildRules = (
			);
			dependencies = (
				40E663161D5F22FB00F5F7F4 /* PBXTargetDependency */,
			);
			name = ImitateWeChatLoadImageProgressDemoTests;
			productName = ImitateWeChatLoadImageProgressDemoTests;
			productReference = 40E663141D5F22FB00F5F7F4 /* ImitateWeChatLoadImageProgressDemoTests.xctest */;
			productType = "com.apple.product-type.bundle.unit-test";
		};
		40E6631E1D5F22FB00F5F7F4 /* ImitateWeChatLoadImageProgressDemoUITests */ = {
			isa = PBXNativeTarget;
			buildConfigurationList = 40E6632E1D5F22FB00F5F7F4 /* Build configuration list for PBXNativeTarget "ImitateWeChatLoadImageProgressDemoUITests" */;
			buildPhases = (
				40E6631B1D5F22FB00F5F7F4 /* Sources */,
				40E6631C1D5F22FB00F5F7F4 /* Frameworks */,
				40E6631D1D5F22FB00F5F7F4 /* Resources */,
			);
			buildRules = (
			);
			dependencies = (
				40E663211D5F22FB00F5F7F4 /* PBXTargetDependency */,
			);
			name = ImitateWeChatLoadImageProgressDemoUITests;
			productName = ImitateWeChatLoadImageProgressDemoUITests;
			productReference = 40E6631F1D5F22FB00F5F7F4 /* ImitateWeChatLoadImageProgressDemoUITests.xctest */;
			productType = "com.apple.product-type.bundle.ui-testing";
		};
/* End PBXNativeTarget section */

/* Begin PBXProject section */
		40E662F31D5F22FA00F5F7F4 /* Project object */ = {
			isa = PBXProject;
			attributes = {
				LastUpgradeCheck = 0720;
				ORGANIZATIONNAME = sxwvc;
				TargetAttributes = {
					40E662FA1D5F22FA00F5F7F4 = {
						CreatedOnToolsVersion = 7.2;
					};
					40E663131D5F22FB00F5F7F4 = {
						CreatedOnToolsVersion = 7.2;
						TestTargetID = 40E662FA1D5F22FA00F5F7F4;
					};
					40E6631E1D5F22FB00F5F7F4 = {
						CreatedOnToolsVersion = 7.2;
						TestTargetID = 40E662FA1D5F22FA00F5F7F4;
					};
				};
			};
			buildConfigurationList = 40E662F61D5F22FA00F5F7F4 /* Build configuration list for PBXProject "ImitateWeChatLoadImageProgressDemo" */;
			compatibilityVersion = "Xcode 3.2";
			developmentRegion = English;
			hasScannedForEncodings = 0;
			knownRegions = (
				en,
				Base,
			);
			mainGroup = 40E662F21D5F22FA00F5F7F4;
			productRefGroup = 40E662FC1D5F22FA00F5F7F4 /* Products */;
			projectDirPath = "";
			projectRoot = "";
			targets = (
				40E662FA1D5F22FA00F5F7F4 /* ImitateWeChatLoadImageProgressDemo */,
				40E663131D5F22FB00F5F7F4 /* ImitateWeChatLoadImageProgressDemoTests */,
				40E6631E1D5F22FB00F5F7F4 /* ImitateWeChatLoadImageProgressDemoUITests */,
			);
		};
/* End PBXProject section */

/* Begin PBXResourcesBuildPhase section */
		40E662F91D5F22FA00F5F7F4 /* Resources */ = {
			isa = PBXResourcesBuildPhase;
			buildActionMask = 2147483647;
			files = (
				40E6630E1D5F22FA00F5F7F4 /* LaunchScreen.storyboard in Resources */,
				40E6630B1D5F22FA00F5F7F4 /* Assets.xcassets in Resources */,
				40E663091D5F22FA00F5F7F4 /* Main.storyboard in Resources */,
			);
			runOnlyForDeploymentPostprocessing = 0;
		};
		40E663121D5F22FB00F5F7F4 /* Resources */ = {
			isa = PBXResourcesBuildPhase;
			buildActionMask = 2147483647;
			files = (
			);
			runOnlyForDeploymentPostprocessing = 0;
		};
		40E6631D1D5F22FB00F5F7F4 /* Resources */ = {
			isa = PBXResourcesBuildPhase;
			buildActionMask = 2147483647;
			files = (
			);
			runOnlyForDeploymentPostprocessing = 0;
		};
/* End PBXResourcesBuildPhase section */

/* Begin PBXSourcesBuildPhase section */
		40E662F71D5F22FA00F5F7F4 /* Sources */ = {
			isa = PBXSourcesBuildPhase;
			buildActionMask = 2147483647;
			files = (
				40E663061D5F22FA00F5F7F4 /* ViewController.m in Sources */,
				40E663371D5F23E700F5F7F4 /* DACircularProgressView.m in Sources */,
				40E663031D5F22FA00F5F7F4 /* AppDelegate.m in Sources */,
				40E663001D5F22FA00F5F7F4 /* main.m in Sources */,
				40E663381D5F23E700F5F7F4 /* DALabeledCircularProgressView.m in Sources */,
			);
			runOnlyForDeploymentPostprocessing = 0;
		};
		40E663101D5F22FB00F5F7F4 /* Sources */ = {
			isa = PBXSourcesBuildPhase;
			buildActionMask = 2147483647;
			files = (
				40E663191D5F22FB00F5F7F4 /* ImitateWeChatLoadImageProgressDemoTests.m in Sources */,
			);
			runOnlyForDeploymentPostprocessing = 0;
		};
		40E6631B1D5F22FB00F5F7F4 /* Sources */ = {
			isa = PBXSourcesBuildPhase;
			buildActionMask = 2147483647;
			files = (
				40E663241D5F22FB00F5F7F4 /* ImitateWeChatLoadImageProgressDemoUITests.m in Sources */,
			);
			runOnlyForDeploymentPostprocessing = 0;
		};
/* End PBXSourcesBuildPhase section */

/* Begin PBXTargetDependency section */
		40E663161D5F22FB00F5F7F4 /* PBXTargetDependency */ = {
			isa = PBXTargetDependency;
			target = 40E662FA1D5F22FA00F5F7F4 /* ImitateWeChatLoadImageProgressDemo */;
			targetProxy = 40E663151D5F22FB00F5F7F4 /* PBXContainerItemProxy */;
		};
		40E663211D5F22FB00F5F7F4 /* PBXTargetDependency */ = {
			isa = PBXTargetDependency;
			target = 40E662FA1D5F22FA00F5F7F4 /* ImitateWeChatLoadImageProgressDemo */;
			targetProxy = 40E663201D5F22FB00F5F7F4 /* PBXContainerItemProxy */;
		};
/* End PBXTargetDependency section */

/* Begin PBXVariantGroup section */
		40E663071D5F22FA00F5F7F4 /* Main.storyboard */ = {
			isa = PBXVariantGroup;
			children = (
				40E663081D5F22FA00F5F7F4 /* Base */,
			);
			name = Main.storyboard;
			sourceTree = "<group>";
		};
		40E6630C1D5F22FA00F5F7F4 /* LaunchScreen.storyboard */ = {
			isa = PBXVariantGroup;
			children = (
				40E6630D1D5F22FA00F5F7F4 /* Base */,
			);
			name = LaunchScreen.storyboard;
			sourceTree = "<group>";
		};
/* End PBXVariantGroup section */

/* Begin XCBuildConfiguration section */
		40E663261D5F22FB00F5F7F4 /* Debug */ = {
			isa = XCBuildConfiguration;
			buildSettings = {
				ALWAYS_SEARCH_USER_PATHS = NO;
				CLANG_CXX_LANGUAGE_STANDARD = "gnu++0x";
				CLANG_CXX_LIBRARY = "libc++";
				CLANG_ENABLE_MODULES = YES;
				CLANG_ENABLE_OBJC_ARC = YES;
				CLANG_WARN_BOOL_CONVERSION = YES;
				CLANG_WARN_CONSTANT_CONVERSION = YES;
				CLANG_WARN_DIRECT_OBJC_ISA_USAGE = YES_ERROR;
				CLANG_WARN_EMPTY_BODY = YES;
				CLANG_WARN_ENUM_CONVERSION = YES;
				CLANG_WARN_INT_CONVERSION = YES;
				CLANG_WARN_OBJC_ROOT_CLASS = YES_ERROR;
				CLANG_WARN_UNREACHABLE_CODE = YES;
				CLANG_WARN__DUPLICATE_METHOD_MATCH = YES;
				"CODE_SIGN_IDENTITY[sdk=iphoneos*]" = "iPhone Developer";
				COPY_PHASE_STRIP = NO;
				DEBUG_INFORMATION_FORMAT = dwarf;
				ENABLE_STRICT_OBJC_MSGSEND = YES;
				ENABLE_TESTABILITY = YES;
				GCC_C_LANGUAGE_STANDARD = gnu99;
				GCC_DYNAMIC_NO_PIC = NO;
				GCC_NO_COMMON_BLOCKS = YES;
				GCC_OPTIMIZATION_LEVEL = 0;
				GCC_PREPROCESSOR_DEFINITIONS = (
					"DEBUG=1",
					"$(inherited)",
				);
				GCC_WARN_64_TO_32_BIT_CONVERSION = YES;
				GCC_WARN_ABOUT_RETURN_TYPE = YES_ERROR;
				GCC_WARN_UNDECLARED_SELECTOR = YES;
				GCC_WARN_UNINITIALIZED_AUTOS = YES_AGGRESSIVE;
				GCC_WARN_UNUSED_FUNCTION = YES;
				GCC_WARN_UNUSED_VARIABLE = YES;
				IPHONEOS_DEPLOYMENT_TARGET = 9.2;
				MTL_ENABLE_DEBUG_INFO = YES;
				ONLY_ACTIVE_ARCH = YES;
				SDKROOT = iphoneos;
				TARGETED_DEVICE_FAMILY = "1,2";
			};
			name = Debug;
		};
		40E663271D5F22FB00F5F7F4 /* Release */ = {
			isa = XCBuildConfiguration;
			buildSettings = {
				ALWAYS_SEARCH_USER_PATHS = NO;
				CLANG_CXX_LANGUAGE_STANDARD = "gnu++0x";
				CLANG_CXX_LIBRARY = "libc++";
				CLANG_ENABLE_MODULES = YES;
				CLANG_ENABLE_OBJC_ARC = YES;
				CLANG_WARN_BOOL_CONVERSION = YES;
				CLANG_WARN_CONSTANT_CONVERSION = YES;
				CLANG_WARN_DIRECT_OBJC_ISA_USAGE = YES_ERROR;
				CLANG_WARN_EMPTY_BODY = YES;
				CLANG_WARN_ENUM_CONVERSION = YES;
				CLANG_WARN_INT_CONVERSION = YES;
				CLANG_WARN_OBJC_ROOT_CLASS = YES_ERROR;
				CLANG_WARN_UNREACHABLE_CODE = YES;
				CLANG_WARN__DUPLICATE_METHOD_MATCH = YES;
				"CODE_SIGN_IDENTITY[sdk=iphoneos*]" = "iPhone Developer";
				COPY_PHASE_STRIP = NO;
				DEBUG_INFORMATION_FORMAT = "dwarf-with-dsym";
				ENABLE_NS_ASSERTIONS = NO;
				ENABLE_STRICT_OBJC_MSGSEND = YES;
				GCC_C_LANGUAGE_STANDARD = gnu99;
				GCC_NO_COMMON_BLOCKS = YES;
				GCC_WARN_64_TO_32_BIT_CONVERSION = YES;
				GCC_WARN_ABOUT_RETURN_TYPE = YES_ERROR;
				GCC_WARN_UNDECLARED_SELECTOR = YES;
				GCC_WARN_UNINITIALIZED_AUTOS = YES_AGGRESSIVE;
				GCC_WARN_UNUSED_FUNCTION = YES;
				GCC_WARN_UNUSED_VARIABLE = YES;
				IPHONEOS_DEPLOYMENT_TARGET = 9.2;
				MTL_ENABLE_DEBUG_INFO = NO;
				SDKROOT = iphoneos;
				TARGETED_DEVICE_FAMILY = "1,2";
				VALIDATE_PRODUCT = YES;
			};
			name = Release;
		};
		40E663291D5F22FB00F5F7F4 /* Debug */ = {
			isa = XCBuildConfiguration;
			buildSettings = {
				ASSETCATALOG_COMPILER_APPICON_NAME = AppIcon;
				INFOPLIST_FILE = ImitateWeChatLoadImageProgressDemo/Info.plist;
				LD_RUNPATH_SEARCH_PATHS = "$(inherited) @executable_path/Frameworks";
				PRODUCT_BUNDLE_IDENTIFIER = ShangXia.ImitateWeChatLoadImageProgressDemo;
				PRODUCT_NAME = "$(TARGET_NAME)";
			};
			name = Debug;
		};
		40E6632A1D5F22FB00F5F7F4 /* Release */ = {
			isa = XCBuildConfiguration;
			buildSettings = {
				ASSETCATALOG_COMPILER_APPICON_NAME = AppIcon;
				INFOPLIST_FILE = ImitateWeChatLoadImageProgressDemo/Info.plist;
				LD_RUNPATH_SEARCH_PATHS = "$(inherited) @executable_path/Frameworks";
				PRODUCT_BUNDLE_IDENTIFIER = ShangXia.ImitateWeChatLoadImageProgressDemo;
				PRODUCT_NAME = "$(TARGET_NAME)";
			};
			name = Release;
		};
		40E6632C1D5F22FB00F5F7F4 /* Debug */ = {
			isa = XCBuildConfiguration;
			buildSettings = {
				BUNDLE_LOADER = "$(TEST_HOST)";
				INFOPLIST_FILE = ImitateWeChatLoadImageProgressDemoTests/Info.plist;
				LD_RUNPATH_SEARCH_PATHS = "$(inherited) @executable_path/Frameworks @loader_path/Frameworks";
				PRODUCT_BUNDLE_IDENTIFIER = ShangXia.ImitateWeChatLoadImageProgressDemoTests;
				PRODUCT_NAME = "$(TARGET_NAME)";
				TEST_HOST = "$(BUILT_PRODUCTS_DIR)/ImitateWeChatLoadImageProgressDemo.app/ImitateWeChatLoadImageProgressDemo";
			};
			name = Debug;
		};
		40E6632D1D5F22FB00F5F7F4 /* Release */ = {
			isa = XCBuildConfiguration;
			buildSettings = {
				BUNDLE_LOADER = "$(TEST_HOST)";
				INFOPLIST_FILE = ImitateWeChatLoadImageProgressDemoTests/Info.plist;
				LD_RUNPATH_SEARCH_PATHS = "$(inherited) @executable_path/Frameworks @loader_path/Frameworks";
				PRODUCT_BUNDLE_IDENTIFIER = ShangXia.ImitateWeChatLoadImageProgressDemoTests;
				PRODUCT_NAME = "$(TARGET_NAME)";
				TEST_HOST = "$(BUILT_PRODUCTS_DIR)/ImitateWeChatLoadImageProgressDemo.app/ImitateWeChatLoadImageProgressDemo";
			};
			name = Release;
		};
		40E6632F1D5F22FB00F5F7F4 /* Debug */ = {
			isa = XCBuildConfiguration;
			buildSettings = {
				INFOPLIST_FILE = ImitateWeChatLoadImageProgressDemoUITests/Info.plist;
				LD_RUNPATH_SEARCH_PATHS = "$(inherited) @executable_path/Frameworks @loader_path/Frameworks";
				PRODUCT_BUNDLE_IDENTIFIER = ShangXia.ImitateWeChatLoadImageProgressDemoUITests;
				PRODUCT_NAME = "$(TARGET_NAME)";
				TEST_TARGET_NAME = ImitateWeChatLoadImageProgressDemo;
				USES_XCTRUNNER = YES;
			};
			name = Debug;
		};
		40E663301D5F22FB00F5F7F4 /* Release */ = {
			isa = XCBuildConfiguration;
			buildSettings = {
				INFOPLIST_FILE = ImitateWeChatLoadImageProgressDemoUITests/Info.plist;
				LD_RUNPATH_SEARCH_PATHS = "$(inherited) @executable_path/Frameworks @loader_path/Frameworks";
				PRODUCT_BUNDLE_IDENTIFIER = ShangXia.ImitateWeChatLoadImageProgressDemoUITests;
				PRODUCT_NAME = "$(TARGET_NAME)";
				TEST_TARGET_NAME = ImitateWeChatLoadImageProgressDemo;
				USES_XCTRUNNER = YES;
			};
			name = Release;
		};
/* End XCBuildConfiguration section */

/* Begin XCConfigurationList section */
		40E662F61D5F22FA00F5F7F4 /* Build configuration list for PBXProject "ImitateWeChatLoadImageProgressDemo" */ = {
			isa = XCConfigurationList;
			buildConfigurations = (
				40E663261D5F22FB00F5F7F4 /* Debug */,
				40E663271D5F22FB00F5F7F4 /* Release */,
			);
			defaultConfigurationIsVisible = 0;
			defaultConfigurationName = Release;
		};
		40E663281D5F22FB00F5F7F4 /* Build configuration list for PBXNativeTarget "ImitateWeChatLoadImageProgressDemo" */ = {
			isa = XCConfigurationList;
			buildConfigurations = (
				40E663291D5F22FB00F5F7F4 /* Debug */,
				40E6632A1D5F22FB00F5F7F4 /* Release */,
			);
			defaultConfigurationIsVisible = 0;
		};
		40E6632B1D5F22FB00F5F7F4 /* Build configuration list for PBXNativeTarget "ImitateWeChatLoadImageProgressDemoTests" */ = {
			isa = XCConfigurationList;
			buildConfigurations = (
				40E6632C1D5F22FB00F5F7F4 /* Debug */,
				40E6632D1D5F22FB00F5F7F4 /* Release */,
			);
			defaultConfigurationIsVisible = 0;
		};
		40E6632E1D5F22FB00F5F7F4 /* Build configuration list for PBXNativeTarget "ImitateWeChatLoadImageProgressDemoUITests" */ = {
			isa = XCConfigurationList;
			buildConfigurations = (
				40E6632F1D5F22FB00F5F7F4 /* Debug */,
				40E663301D5F22FB00F5F7F4 /* Release */,
			);
			defaultConfigurationIsVisible = 0;
		};
/* End XCConfigurationList section */
	};
	rootObject = 40E662F31D5F22FA00F5F7F4 /* Project object */;
}
